# This file was autogenerated by Stack.
# You should not edit this file by hand.
# For more information, please see the documentation at:
#   https://docs.haskellstack.org/en/stable/lock_files

packages:
- completed:
    hackage: serverless-haskell-0.11.3@sha256:7a33eda51a42ff6ac72f26828d5248f9738fab7cd663f2a5225136615aa68477,2611
    pantry-tree:
      size: 1845
      sha256: 6dded9d1b71eba64b7d5f1601f19dbff6c16cdfbafa81ebe6fec9caf7d6e6ee3
  original:
    hackage: serverless-haskell-0.11.3
snapshots:
- completed:
    size: 499461
    url: https://raw.githubusercontent.com/commercialhaskell/stackage-snapshots/master/lts/13/25.yaml
    sha256: aed98969628e20615e96b06083c933c7e3354ae56b08b75e607a26569225d6c0
  original: lts-13.25
